
Microsoft Visual Studio Solution File, Format Version 12.00
# Visual Studio Version 17
VisualStudioVersion = 17.11.35222.181
MinimumVisualStudioVersion = 10.0.40219.1
Project("{FAE04EC0-301F-11D3-BF4B-00C04F79EFBC}") = "Assignment1", "Assignment1.csproj", "{8750E999-C5BF-4C46-A1FD-DBB4E59CADB3}"
EndProject
Global
	GlobalSection(SolutionConfigurationPlatforms) = preSolution
		Debug|Any CPU = Debug|Any CPU
		Release|Any CPU = Release|Any CPU
	EndGlobalSection
	GlobalSection(ProjectConfigurationPlatforms) = postSolution
		{8750E999-C5BF-4C46-A1FD-DBB4E59CADB3}.Debug|Any CPU.ActiveCfg = Debug|Any CPU
		{8750E999-C5BF-4C46-A1FD-DBB4E59CADB3}.Debug|Any CPU.Build.0 = Debug|Any CPU
		{8750E999-C5BF-4C46-A1FD-DBB4E59CADB3}.Release|Any CPU.ActiveCfg = Release|Any CPU
		{8750E999-C5BF-4C46-A1FD-DBB4E59CADB3}.Release|Any CPU.Build.0 = Release|Any CPU
	EndGlobalSection
	GlobalSection(SolutionProperties) = preSolution
		HideSolutionNode = FALSE
	EndGlobalSection
	GlobalSection(ExtensibilityGlobals) = postSolution
		SolutionGuid = {888AD331-6FFE-45B3-B565-5A950DF79870}
	EndGlobalSection
EndGlobal
